
Microsoft Visual Studio Solution File, Format Version 12.00
# Visual Studio 15
VisualStudioVersion = 15.0.27130.2027
MinimumVisualStudioVersion = 10.0.40219.1
Project("{FAE04EC0-301F-11D3-BF4B-00C04F79EFBC}") = "N1", "N1\N1.csproj", "{474B8681-0749-49CF-90B5-27E165E1CE76}"
EndProject
Global
	GlobalSection(SolutionConfigurationPlatforms) = preSolution
		Debug|Any CPU = Debug|Any CPU
		Release|Any CPU = Release|Any CPU
	EndGlobalSection
	GlobalSection(ProjectConfigurationPlatforms) = postSolution
		{474B8681-0749-49CF-90B5-27E165E1CE76}.Debug|Any CPU.ActiveCfg = Debug|Any CPU
		{474B8681-0749-49CF-90B5-27E165E1CE76}.Debug|Any CPU.Build.0 = Debug|Any CPU
		{474B8681-0749-49CF-90B5-27E165E1CE76}.Release|Any CPU.ActiveCfg = Release|Any CPU
		{474B8681-0749-49CF-90B5-27E165E1CE76}.Release|Any CPU.Build.0 = Release|Any CPU
	EndGlobalSection
	GlobalSection(SolutionProperties) = preSolution
		HideSolutionNode = FALSE
	EndGlobalSection
	GlobalSection(ExtensibilityGlobals) = postSolution
		SolutionGuid = {B6ADF070-9049-4EA7-8917-CC45ED08A22F}
	EndGlobalSection
EndGlobal
